// !$*UTF8*$!
{
	archiveVersion = 1;
	classes = {
	};
	objectVersion = 56;
	objects = {

/* Begin PBXBuildFile section */
		4A79723A28D7F66C009F4EC0 /* AppDelegate.swift in Sources */ = {isa = PBXBuildFile; fileRef = 4A79723928D7F66C009F4EC0 /* AppDelegate.swift */; };
		4A79723C28D7F66C009F4EC0 /* SceneDelegate.swift in Sources */ = {isa = PBXBuildFile; fileRef = 4A79723B28D7F66C009F4EC0 /* SceneDelegate.swift */; };
		4A79723E28D7F66C009F4EC0 /* ViewController.swift in Sources */ = {isa = PBXBuildFile; fileRef = 4A79723D28D7F66C009F4EC0 /* ViewController.swift */; };
		4A79724128D7F66C009F4EC0 /* Main.storyboard in Resources */ = {isa = PBXBuildFile; fileRef = 4A79723F28D7F66C009F4EC0 /* Main.storyboard */; };
		4A79724328D7F66C009F4EC0 /* Assets.xcassets in Resources */ = {isa = PBXBuildFile; fileRef = 4A79724228D7F66C009F4EC0 /* Assets.xcassets */; };
		4A79724628D7F66C009F4EC0 /* LaunchScreen.storyboard in Resources */ = {isa = PBXBuildFile; fileRef = 4A79724428D7F66C009F4EC0 /* LaunchScreen.storyboard */; };
		4A79725128D7F66D009F4EC0 /* git_tutorialTests.swift in Sources */ = {isa = PBXBuildFile; fileRef = 4A79725028D7F66D009F4EC0 /* git_tutorialTests.swift */; };
		4A79725B28D7F66D009F4EC0 /* git_tutorialUITests.swift in Sources */ = {isa = PBXBuildFile; fileRef = 4A79725A28D7F66D009F4EC0 /* git_tutorialUITests.swift */; };
		4A79725D28D7F66D009F4EC0 /* git_tutorialUITestsLaunchTests.swift in Sources */ = {isa = PBXBuildFile; fileRef = 4A79725C28D7F66D009F4EC0 /* git_tutorialUITestsLaunchTests.swift */; };
/* End PBXBuildFile section */

/* Begin PBXContainerItemProxy section */
		4A79724D28D7F66C009F4EC0 /* PBXContainerItemProxy */ = {
			isa = PBXContainerItemProxy;
			containerPortal = 4A79722E28D7F66C009F4EC0 /* Project object */;
			proxyType = 1;
			remoteGlobalIDString = 4A79723528D7F66C009F4EC0;
			remoteInfo = "git-tutorial";
		};
		4A79725728D7F66D009F4EC0 /* PBXContainerItemProxy */ = {
			isa = PBXContainerItemProxy;
			containerPortal = 4A79722E28D7F66C009F4EC0 /* Project object */;
			proxyType = 1;
			remoteGlobalIDString = 4A79723528D7F66C009F4EC0;
			remoteInfo = "git-tutorial";
		};
/* End PBXContainerItemProxy section */

/* Begin PBXFileReference section */
		4A79723628D7F66C009F4EC0 /* git-tutorial.app */ = {isa = PBXFileReference; explicitFileType = wrapper.application; includeInIndex = 0; path = "git-tutorial.app"; sourceTree = BUILT_PRODUCTS_DIR; };
		4A79723928D7F66C009F4EC0 /* AppDelegate.swift */ = {isa = PBXFileReference; lastKnownFileType = sourcecode.swift; path = AppDelegate.swift; sourceTree = "<group>"; };
		4A79723B28D7F66C009F4EC0 /* SceneDelegate.swift */ = {isa = PBXFileReference; lastKnownFileType = sourcecode.swift; path = SceneDelegate.swift; sourceTree = "<group>"; };
		4A79723D28D7F66C009F4EC0 /* ViewController.swift */ = {isa = PBXFileReference; lastKnownFileType = sourcecode.swift; path = ViewController.swift; sourceTree = "<group>"; };
		4A79724028D7F66C009F4EC0 /* Base */ = {isa = PBXFileReference; lastKnownFileType = file.storyboard; name = Base; path = Base.lproj/Main.storyboard; sourceTree = "<group>"; };
		4A79724228D7F66C009F4EC0 /* Assets.xcassets */ = {isa = PBXFileReference; lastKnownFileType = folder.assetcatalog; path = Assets.xcassets; sourceTree = "<group>"; };
		4A79724528D7F66C009F4EC0 /* Base */ = {isa = PBXFileReference; lastKnownFileType = file.storyboard; name = Base; path = Base.lproj/LaunchScreen.storyboard; sourceTree = "<group>"; };
		4A79724728D7F66C009F4EC0 /* Info.plist */ = {isa = PBXFileReference; lastKnownFileType = text.plist.xml; path = Info.plist; sourceTree = "<group>"; };
		4A79724C28D7F66C009F4EC0 /* git-tutorialTests.xctest */ = {isa = PBXFileReference; explicitFileType = wrapper.cfbundle; includeInIndex = 0; path = "git-tutorialTests.xctest"; sourceTree = BUILT_PRODUCTS_DIR; };
		4A79725028D7F66D009F4EC0 /* git_tutorialTests.swift */ = {isa = PBXFileReference; lastKnownFileType = sourcecode.swift; path = git_tutorialTests.swift; sourceTree = "<group>"; };
		4A79725628D7F66D009F4EC0 /* git-tutorialUITests.xctest */ = {isa = PBXFileReference; explicitFileType = wrapper.cfbundle; includeInIndex = 0; path = "git-tutorialUITests.xctest"; sourceTree = BUILT_PRODUCTS_DIR; };
		4A79725A28D7F66D009F4EC0 /* git_tutorialUITests.swift */ = {isa = PBXFileReference; lastKnownFileType = sourcecode.swift; path = git_tutorialUITests.swift; sourceTree = "<group>"; };
		4A79725C28D7F66D009F4EC0 /* git_tutorialUITestsLaunchTests.swift */ = {isa = PBXFileReference; lastKnownFileType = sourcecode.swift; path = git_tutorialUITestsLaunchTests.swift; sourceTree = "<group>"; };
/* End PBXFileReference section */

/* Begin PBXFrameworksBuildPhase section */
		4A79723328D7F66C009F4EC0 /* Frameworks */ = {
			isa = PBXFrameworksBuildPhase;
			buildActionMask = 2147483647;
			files = (
			);
			runOnlyForDeploymentPostprocessing = 0;
		};
		4A79724928D7F66C009F4EC0 /* Frameworks */ = {
			isa = PBXFrameworksBuildPhase;
			buildActionMask = 2147483647;
			files = (
			);
			runOnlyForDeploymentPostprocessing = 0;
		};
		4A79725328D7F66D009F4EC0 /* Frameworks */ = {
			isa = PBXFrameworksBuildPhase;
			buildActionMask = 2147483647;
			files = (
			);
			runOnlyForDeploymentPostprocessing = 0;
		};
/* End PBXFrameworksBuildPhase section */

/* Begin PBXGroup section */
		4A79722D28D7F66C009F4EC0 = {
			isa = PBXGroup;
			children = (
				4A79723828D7F66C009F4EC0 /* git-tutorial */,
				4A79724F28D7F66C009F4EC0 /* git-tutorialTests */,
				4A79725928D7F66D009F4EC0 /* git-tutorialUITests */,
				4A79723728D7F66C009F4EC0 /* Products */,
			);
			sourceTree = "<group>";
		};
		4A79723728D7F66C009F4EC0 /* Products */ = {
			isa = PBXGroup;
			children = (
				4A79723628D7F66C009F4EC0 /* git-tutorial.app */,
				4A79724C28D7F66C009F4EC0 /* git-tutorialTests.xctest */,
				4A79725628D7F66D009F4EC0 /* git-tutorialUITests.xctest */,
			);
			name = Products;
			sourceTree = "<group>";
		};
		4A79723828D7F66C009F4EC0 /* git-tutorial */ = {
			isa = PBXGroup;
			children = (
				4A79723928D7F66C009F4EC0 /* AppDelegate.swift */,
				4A79723B28D7F66C009F4EC0 /* SceneDelegate.swift */,
				4A79723D28D7F66C009F4EC0 /* ViewController.swift */,
				4A79723F28D7F66C009F4EC0 /* Main.storyboard */,
				4A79724228D7F66C009F4EC0 /* Assets.xcassets */,
				4A79724428D7F66C009F4EC0 /* LaunchScreen.storyboard */,
				4A79724728D7F66C009F4EC0 /* Info.plist */,
			);
			path = "git-tutorial";
			sourceTree = "<group>";
		};
		4A79724F28D7F66C009F4EC0 /* git-tutorialTests */ = {
			isa = PBXGroup;
			children = (
				4A79725028D7F66D009F4EC0 /* git_tutorialTests.swift */,
			);
			path = "git-tutorialTests";
			sourceTree = "<group>";
		};
		4A79725928D7F66D009F4EC0 /* git-tutorialUITests */ = {
			isa = PBXGroup;
			children = (
				4A79725A28D7F66D009F4EC0 /* git_tutorialUITests.swift */,
				4A79725C28D7F66D009F4EC0 /* git_tutorialUITestsLaunchTests.swift */,
			);
			path = "git-tutorialUITests";
			sourceTree = "<group>";
		};
/* End PBXGroup section */

/* Begin PBXNativeTarget section */
		4A79723528D7F66C009F4EC0 /* git-tutorial */ = {
			isa = PBXNativeTarget;
			buildConfigurationList = 4A79726028D7F66D009F4EC0 /* Build configuration list for PBXNativeTarget "git-tutorial" */;
			buildPhases = (
				4A79723228D7F66C009F4EC0 /* Sources */,
				4A79723328D7F66C009F4EC0 /* Frameworks */,
				4A79723428D7F66C009F4EC0 /* Resources */,
			);
			buildRules = (
			);
			dependencies = (
			);
			name = "git-tutorial";
			productName = "git-tutorial";
			productReference = 4A79723628D7F66C009F4EC0 /* git-tutorial.app */;
			productType = "com.apple.product-type.application";
		};
		4A79724B28D7F66C009F4EC0 /* git-tutorialTests */ = {
			isa = PBXNativeTarget;
			buildConfigurationList = 4A79726328D7F66D009F4EC0 /* Build configuration list for PBXNativeTarget "git-tutorialTests" */;
			buildPhases = (
				4A79724828D7F66C009F4EC0 /* Sources */,
				4A79724928D7F66C009F4EC0 /* Frameworks */,
				4A79724A28D7F66C009F4EC0 /* Resources */,
			);
			buildRules = (
			);
			dependencies = (
				4A79724E28D7F66C009F4EC0 /* PBXTargetDependency */,
			);
			name = "git-tutorialTests";
			productName = "git-tutorialTests";
			productReference = 4A79724C28D7F66C009F4EC0 /* git-tutorialTests.xctest */;
			productType = "com.apple.product-type.bundle.unit-test";
		};
		4A79725528D7F66D009F4EC0 /* git-tutorialUITests */ = {
			isa = PBXNativeTarget;
			buildConfigurationList = 4A79726628D7F66D009F4EC0 /* Build configuration list for PBXNativeTarget "git-tutorialUITests" */;
			buildPhases = (
				4A79725228D7F66D009F4EC0 /* Sources */,
				4A79725328D7F66D009F4EC0 /* Frameworks */,
				4A79725428D7F66D009F4EC0 /* Resources */,
			);
			buildRules = (
			);
			dependencies = (
				4A79725828D7F66D009F4EC0 /* PBXTargetDependency */,
			);
			name = "git-tutorialUITests";
			productName = "git-tutorialUITests";
			productReference = 4A79725628D7F66D009F4EC0 /* git-tutorialUITests.xctest */;
			productType = "com.apple.product-type.bundle.ui-testing";
		};
/* End PBXNativeTarget section */

/* Begin PBXProject section */
		4A79722E28D7F66C009F4EC0 /* Project object */ = {
			isa = PBXProject;
			attributes = {
				BuildIndependentTargetsInParallel = 1;
				LastSwiftUpdateCheck = 1400;
				LastUpgradeCheck = 1400;
				TargetAttributes = {
					4A79723528D7F66C009F4EC0 = {
						CreatedOnToolsVersion = 14.0;
					};
					4A79724B28D7F66C009F4EC0 = {
						CreatedOnToolsVersion = 14.0;
						TestTargetID = 4A79723528D7F66C009F4EC0;
					};
					4A79725528D7F66D009F4EC0 = {
						CreatedOnToolsVersion = 14.0;
						TestTargetID = 4A79723528D7F66C009F4EC0;
					};
				};
			};
			buildConfigurationList = 4A79723128D7F66C009F4EC0 /* Build configuration list for PBXProject "git-tutorial" */;
			compatibilityVersion = "Xcode 14.0";
			developmentRegion = en;
			hasScannedForEncodings = 0;
			knownRegions = (
				en,
				Base,
			);
			mainGroup = 4A79722D28D7F66C009F4EC0;
			productRefGroup = 4A79723728D7F66C009F4EC0 /* Products */;
			projectDirPath = "";
			projectRoot = "";
			targets = (
				4A79723528D7F66C009F4EC0 /* git-tutorial */,
				4A79724B28D7F66C009F4EC0 /* git-tutorialTests */,
				4A79725528D7F66D009F4EC0 /* git-tutorialUITests */,
			);
		};
/* End PBXProject section */

/* Begin PBXResourcesBuildPhase section */
		4A79723428D7F66C009F4EC0 /* Resources */ = {
			isa = PBXResourcesBuildPhase;
			buildActionMask = 2147483647;
			files = (
				4A79724628D7F66C009F4EC0 /* LaunchScreen.storyboard in Resources */,
				4A79724328D7F66C009F4EC0 /* Assets.xcassets in Resources */,
				4A79724128D7F66C009F4EC0 /* Main.storyboard in Resources */,
			);
			runOnlyForDeploymentPostprocessing = 0;
		};
		4A79724A28D7F66C009F4EC0 /* Resources */ = {
			isa = PBXResourcesBuildPhase;
			buildActionMask = 2147483647;
			files = (
			);
			runOnlyForDeploymentPostprocessing = 0;
		};
		4A79725428D7F66D009F4EC0 /* Resources */ = {
			isa = PBXResourcesBuildPhase;
			buildActionMask = 2147483647;
			files = (
			);
			runOnlyForDeploymentPostprocessing = 0;
		};
/* End PBXResourcesBuildPhase section */

/* Begin PBXSourcesBuildPhase section */
		4A79723228D7F66C009F4EC0 /* Sources */ = {
			isa = PBXSourcesBuildPhase;
			buildActionMask = 2147483647;
			files = (
				4A79723E28D7F66C009F4EC0 /* ViewController.swift in Sources */,
				4A79723A28D7F66C009F4EC0 /* AppDelegate.swift in Sources */,
				4A79723C28D7F66C009F4EC0 /* SceneDelegate.swift in Sources */,
			);
			runOnlyForDeploymentPostprocessing = 0;
		};
		4A79724828D7F66C009F4EC0 /* Sources */ = {
			isa = PBXSourcesBuildPhase;
			buildActionMask = 2147483647;
			files = (
				4A79725128D7F66D009F4EC0 /* git_tutorialTests.swift in Sources */,
			);
			runOnlyForDeploymentPostprocessing = 0;
		};
		4A79725228D7F66D009F4EC0 /* Sources */ = {
			isa = PBXSourcesBuildPhase;
			buildActionMask = 2147483647;
			files = (
				4A79725B28D7F66D009F4EC0 /* git_tutorialUITests.swift in Sources */,
				4A79725D28D7F66D009F4EC0 /* git_tutorialUITestsLaunchTests.swift in Sources */,
			);
			runOnlyForDeploymentPostprocessing = 0;
		};
/* End PBXSourcesBuildPhase section */

/* Begin PBXTargetDependency section */
		4A79724E28D7F66C009F4EC0 /* PBXTargetDependency */ = {
			isa = PBXTargetDependency;
			target = 4A79723528D7F66C009F4EC0 /* git-tutorial */;
			targetProxy = 4A79724D28D7F66C009F4EC0 /* PBXContainerItemProxy */;
		};
		4A79725828D7F66D009F4EC0 /* PBXTargetDependency */ = {
			isa = PBXTargetDependency;
			target = 4A79723528D7F66C009F4EC0 /* git-tutorial */;
			targetProxy = 4A79725728D7F66D009F4EC0 /* PBXContainerItemProxy */;
		};
/* End PBXTargetDependency section */

/* Begin PBXVariantGroup section */
		4A79723F28D7F66C009F4EC0 /* Main.storyboard */ = {
			isa = PBXVariantGroup;
			children = (
				4A79724028D7F66C009F4EC0 /* Base */,
			);
			name = Main.storyboard;
			sourceTree = "<group>";
		};
		4A79724428D7F66C009F4EC0 /* LaunchScreen.storyboard */ = {
			isa = PBXVariantGroup;
			children = (
				4A79724528D7F66C009F4EC0 /* Base */,
			);
			name = LaunchScreen.storyboard;
			sourceTree = "<group>";
		};
/* End PBXVariantGroup section */

/* Begin XCBuildConfiguration section */
		4A79725E28D7F66D009F4EC0 /* Debug */ = {
			isa = XCBuildConfiguration;
			buildSettings = {
				ALWAYS_SEARCH_USER_PATHS = NO;
				CLANG_ANALYZER_NONNULL = YES;
				CLANG_ANALYZER_NUMBER_OBJECT_CONVERSION = YES_AGGRESSIVE;
				CLANG_CXX_LANGUAGE_STANDARD = "gnu++20";
				CLANG_ENABLE_MODULES = YES;
				CLANG_ENABLE_OBJC_ARC = YES;
				CLANG_ENABLE_OBJC_WEAK = YES;
				CLANG_WARN_BLOCK_CAPTURE_AUTORELEASING = YES;
				CLANG_WARN_BOOL_CONVERSION = YES;
				CLANG_WARN_COMMA = YES;
				CLANG_WARN_CONSTANT_CONVERSION = YES;
				CLANG_WARN_DEPRECATED_OBJC_IMPLEMENTATIONS = YES;
				CLANG_WARN_DIRECT_OBJC_ISA_USAGE = YES_ERROR;
				CLANG_WARN_DOCUMENTATION_COMMENTS = YES;
				CLANG_WARN_EMPTY_BODY = YES;
				CLANG_WARN_ENUM_CONVERSION = YES;
				CLANG_WARN_INFINITE_RECURSION = YES;
				CLANG_WARN_INT_CONVERSION = YES;
				CLANG_WARN_NON_LITERAL_NULL_CONVERSION = YES;
				CLANG_WARN_OBJC_IMPLICIT_RETAIN_SELF = YES;
				CLANG_WARN_OBJC_LITERAL_CONVERSION = YES;
				CLANG_WARN_OBJC_ROOT_CLASS = YES_ERROR;
				CLANG_WARN_QUOTED_INCLUDE_IN_FRAMEWORK_HEADER = YES;
				CLANG_WARN_RANGE_LOOP_ANALYSIS = YES;
				CLANG_WARN_STRICT_PROTOTYPES = YES;
				CLANG_WARN_SUSPICIOUS_MOVE = YES;
				CLANG_WARN_UNGUARDED_AVAILABILITY = YES_AGGRESSIVE;
				CLANG_WARN_UNREACHABLE_CODE = YES;
				CLANG_WARN__DUPLICATE_METHOD_MATCH = YES;
				COPY_PHASE_STRIP = NO;
				DEBUG_INFORMATION_FORMAT = dwarf;
				ENABLE_STRICT_OBJC_MSGSEND = YES;
				ENABLE_TESTABILITY = YES;
				GCC_C_LANGUAGE_STANDARD = gnu11;
				GCC_DYNAMIC_NO_PIC = NO;
				GCC_NO_COMMON_BLOCKS = YES;
				GCC_OPTIMIZATION_LEVEL = 0;
				GCC_PREPROCESSOR_DEFINITIONS = (
					"DEBUG=1",
					"$(inherited)",
				);
				GCC_WARN_64_TO_32_BIT_CONVERSION = YES;
				GCC_WARN_ABOUT_RETURN_TYPE = YES_ERROR;
				GCC_WARN_UNDECLARED_SELECTOR = YES;
				GCC_WARN_UNINITIALIZED_AUTOS = YES_AGGRESSIVE;
				GCC_WARN_UNUSED_FUNCTION = YES;
				GCC_WARN_UNUSED_VARIABLE = YES;
				IPHONEOS_DEPLOYMENT_TARGET = 16.0;
				MTL_ENABLE_DEBUG_INFO = INCLUDE_SOURCE;
				MTL_FAST_MATH = YES;
				ONLY_ACTIVE_ARCH = YES;
				SDKROOT = iphoneos;
				SWIFT_ACTIVE_COMPILATION_CONDITIONS = DEBUG;
				SWIFT_OPTIMIZATION_LEVEL = "-Onone";
			};
			name = Debug;
		};
		4A79725F28D7F66D009F4EC0 /* Release */ = {
			isa = XCBuildConfiguration;
			buildSettings = {
				ALWAYS_SEARCH_USER_PATHS = NO;
				CLANG_ANALYZER_NONNULL = YES;
				CLANG_ANALYZER_NUMBER_OBJECT_CONVERSION = YES_AGGRESSIVE;
				CLANG_CXX_LANGUAGE_STANDARD = "gnu++20";
				CLANG_ENABLE_MODULES = YES;
				CLANG_ENABLE_OBJC_ARC = YES;
				CLANG_ENABLE_OBJC_WEAK = YES;
				CLANG_WARN_BLOCK_CAPTURE_AUTORELEASING = YES;
				CLANG_WARN_BOOL_CONVERSION = YES;
				CLANG_WARN_COMMA = YES;
				CLANG_WARN_CONSTANT_CONVERSION = YES;
				CLANG_WARN_DEPRECATED_OBJC_IMPLEMENTATIONS = YES;
				CLANG_WARN_DIRECT_OBJC_ISA_USAGE = YES_ERROR;
				CLANG_WARN_DOCUMENTATION_COMMENTS = YES;
				CLANG_WARN_EMPTY_BODY = YES;
				CLANG_WARN_ENUM_CONVERSION = YES;
				CLANG_WARN_INFINITE_RECURSION = YES;
				CLANG_WARN_INT_CONVERSION = YES;
				CLANG_WARN_NON_LITERAL_NULL_CONVERSION = YES;
				CLANG_WARN_OBJC_IMPLICIT_RETAIN_SELF = YES;
				CLANG_WARN_OBJC_LITERAL_CONVERSION = YES;
				CLANG_WARN_OBJC_ROOT_CLASS = YES_ERROR;
				CLANG_WARN_QUOTED_INCLUDE_IN_FRAMEWORK_HEADER = YES;
				CLANG_WARN_RANGE_LOOP_ANALYSIS = YES;
				CLANG_WARN_STRICT_PROTOTYPES = YES;
				CLANG_WARN_SUSPICIOUS_MOVE = YES;
				CLANG_WARN_UNGUARDED_AVAILABILITY = YES_AGGRESSIVE;
				CLANG_WARN_UNREACHABLE_CODE = YES;
				CLANG_WARN__DUPLICATE_METHOD_MATCH = YES;
				COPY_PHASE_STRIP = NO;
				DEBUG_INFORMATION_FORMAT = "dwarf-with-dsym";
				ENABLE_NS_ASSERTIONS = NO;
				ENABLE_STRICT_OBJC_MSGSEND = YES;
				GCC_C_LANGUAGE_STANDARD = gnu11;
				GCC_NO_COMMON_BLOCKS = YES;
				GCC_WARN_64_TO_32_BIT_CONVERSION = YES;
				GCC_WARN_ABOUT_RETURN_TYPE = YES_ERROR;
				GCC_WARN_UNDECLARED_SELECTOR = YES;
				GCC_WARN_UNINITIALIZED_AUTOS = YES_AGGRESSIVE;
				GCC_WARN_UNUSED_FUNCTION = YES;
				GCC_WARN_UNUSED_VARIABLE = YES;
				IPHONEOS_DEPLOYMENT_TARGET = 16.0;
				MTL_ENABLE_DEBUG_INFO = NO;
				MTL_FAST_MATH = YES;
				SDKROOT = iphoneos;
				SWIFT_COMPILATION_MODE = wholemodule;
				SWIFT_OPTIMIZATION_LEVEL = "-O";
				VALIDATE_PRODUCT = YES;
			};
			name = Release;
		};
		4A79726128D7F66D009F4EC0 /* Debug */ = {
			isa = XCBuildConfiguration;
			buildSettings = {
				ASSETCATALOG_COMPILER_APPICON_NAME = AppIcon;
				ASSETCATALOG_COMPILER_GLOBAL_ACCENT_COLOR_NAME = AccentColor;
				CODE_SIGN_STYLE = Automatic;
				CURRENT_PROJECT_VERSION = 1;
				DEVELOPMENT_TEAM = 79K7D639YK;
				GENERATE_INFOPLIST_FILE = YES;
				INFOPLIST_FILE = "git-tutorial/Info.plist";
				INFOPLIST_KEY_UIApplicationSupportsIndirectInputEvents = YES;
				INFOPLIST_KEY_UILaunchStoryboardName = LaunchScreen;
				INFOPLIST_KEY_UIMainStoryboardFile = Main;
				INFOPLIST_KEY_UISupportedInterfaceOrientations_iPad = "UIInterfaceOrientationPortrait UIInterfaceOrientationPortraitUpsideDown UIInterfaceOrientationLandscapeLeft UIInterfaceOrientationLandscapeRight";
				INFOPLIST_KEY_UISupportedInterfaceOrientations_iPhone = "UIInterfaceOrientationPortrait UIInterfaceOrientationLandscapeLeft UIInterfaceOrientationLandscapeRight";
				LD_RUNPATH_SEARCH_PATHS = (
					"$(inherited)",
					"@executable_path/Frameworks",
				);
				MARKETING_VERSION = 1.0;
				PRODUCT_BUNDLE_IDENTIFIER = "com.deukyeon.git-tutorial";
				PRODUCT_NAME = "$(TARGET_NAME)";
				SWIFT_EMIT_LOC_STRINGS = YES;
				SWIFT_VERSION = 5.0;
				TARGETED_DEVICE_FAMILY = "1,2";
			};
			name = Debug;
		};
		4A79726228D7F66D009F4EC0 /* Release */ = {
			isa = XCBuildConfiguration;
			buildSettings = {
				ASSETCATALOG_COMPILER_APPICON_NAME = AppIcon;
				ASSETCATALOG_COMPILER_GLOBAL_ACCENT_COLOR_NAME = AccentColor;
				CODE_SIGN_STYLE = Automatic;
				CURRENT_PROJECT_VERSION = 1;
				DEVELOPMENT_TEAM = 79K7D639YK;
				GENERATE_INFOPLIST_FILE = YES;
				INFOPLIST_FILE = "git-tutorial/Info.plist";
				INFOPLIST_KEY_UIApplicationSupportsIndirectInputEvents = YES;
				INFOPLIST_KEY_UILaunchStoryboardName = LaunchScreen;
				INFOPLIST_KEY_UIMainStoryboardFile = Main;
				INFOPLIST_KEY_UISupportedInterfaceOrientations_iPad = "UIInterfaceOrientationPortrait UIInterfaceOrientationPortraitUpsideDown UIInterfaceOrientationLandscapeLeft UIInterfaceOrientationLandscapeRight";
				INFOPLIST_KEY_UISupportedInterfaceOrientations_iPhone = "UIInterfaceOrientationPortrait UIInterfaceOrientationLandscapeLeft UIInterfaceOrientationLandscapeRight";
				LD_RUNPATH_SEARCH_PATHS = (
					"$(inherited)",
					"@executable_path/Frameworks",
				);
				MARKETING_VERSION = 1.0;
				PRODUCT_BUNDLE_IDENTIFIER = "com.deukyeon.git-tutorial";
				PRODUCT_NAME = "$(TARGET_NAME)";
				SWIFT_EMIT_LOC_STRINGS = YES;
				SWIFT_VERSION = 5.0;
				TARGETED_DEVICE_FAMILY = "1,2";
			};
			name = Release;
		};
		4A79726428D7F66D009F4EC0 /* Debug */ = {
			isa = XCBuildConfiguration;
			buildSettings = {
				ALWAYS_EMBED_SWIFT_STANDARD_LIBRARIES = YES;
				BUNDLE_LOADER = "$(TEST_HOST)";
				CODE_SIGN_STYLE = Automatic;
				CURRENT_PROJECT_VERSION = 1;
				DEVELOPMENT_TEAM = 79K7D639YK;
				GENERATE_INFOPLIST_FILE = YES;
				IPHONEOS_DEPLOYMENT_TARGET = 16.0;
				MARKETING_VERSION = 1.0;
				PRODUCT_BUNDLE_IDENTIFIER = "com.deukyeon.git-tutorialTests";
				PRODUCT_NAME = "$(TARGET_NAME)";
				SWIFT_EMIT_LOC_STRINGS = NO;
				SWIFT_VERSION = 5.0;
				TARGETED_DEVICE_FAMILY = "1,2";
				TEST_HOST = "$(BUILT_PRODUCTS_DIR)/git-tutorial.app/$(BUNDLE_EXECUTABLE_FOLDER_PATH)/git-tutorial";
			};
			name = Debug;
		};
		4A79726528D7F66D009F4EC0 /* Release */ = {
			isa = XCBuildConfiguration;
			buildSettings = {
				ALWAYS_EMBED_SWIFT_STANDARD_LIBRARIES = YES;
				BUNDLE_LOADER = "$(TEST_HOST)";
				CODE_SIGN_STYLE = Automatic;
				CURRENT_PROJECT_VERSION = 1;
				DEVELOPMENT_TEAM = 79K7D639YK;
				GENERATE_INFOPLIST_FILE = YES;
				IPHONEOS_DEPLOYMENT_TARGET = 16.0;
				MARKETING_VERSION = 1.0;
				PRODUCT_BUNDLE_IDENTIFIER = "com.deukyeon.git-tutorialTests";
				PRODUCT_NAME = "$(TARGET_NAME)";
				SWIFT_EMIT_LOC_STRINGS = NO;
				SWIFT_VERSION = 5.0;
				TARGETED_DEVICE_FAMILY = "1,2";
				TEST_HOST = "$(BUILT_PRODUCTS_DIR)/git-tutorial.app/$(BUNDLE_EXECUTABLE_FOLDER_PATH)/git-tutorial";
			};
			name = Release;
		};
		4A79726728D7F66D009F4EC0 /* Debug */ = {
			isa = XCBuildConfiguration;
			buildSettings = {
				ALWAYS_EMBED_SWIFT_STANDARD_LIBRARIES = YES;
				CODE_SIGN_STYLE = Automatic;
				CURRENT_PROJECT_VERSION = 1;
				DEVELOPMENT_TEAM = 79K7D639YK;
				GENERATE_INFOPLIST_FILE = YES;
				MARKETING_VERSION = 1.0;
				PRODUCT_BUNDLE_IDENTIFIER = "com.deukyeon.git-tutorialUITests";
				PRODUCT_NAME = "$(TARGET_NAME)";
				SWIFT_EMIT_LOC_STRINGS = NO;
				SWIFT_VERSION = 5.0;
				TARGETED_DEVICE_FAMILY = "1,2";
				TEST_TARGET_NAME = "git-tutorial";
			};
			name = Debug;
		};
		4A79726828D7F66D009F4EC0 /* Release */ = {
			isa = XCBuildConfiguration;
			buildSettings = {
				ALWAYS_EMBED_SWIFT_STANDARD_LIBRARIES = YES;
				CODE_SIGN_STYLE = Automatic;
				CURRENT_PROJECT_VERSION = 1;
				DEVELOPMENT_TEAM = 79K7D639YK;
				GENERATE_INFOPLIST_FILE = YES;
				MARKETING_VERSION = 1.0;
				PRODUCT_BUNDLE_IDENTIFIER = "com.deukyeon.git-tutorialUITests";
				PRODUCT_NAME = "$(TARGET_NAME)";
				SWIFT_EMIT_LOC_STRINGS = NO;
				SWIFT_VERSION = 5.0;
				TARGETED_DEVICE_FAMILY = "1,2";
				TEST_TARGET_NAME = "git-tutorial";
			};
			name = Release;
		};
/* End XCBuildConfiguration section */

/* Begin XCConfigurationList section */
		4A79723128D7F66C009F4EC0 /* Build configuration list for PBXProject "git-tutorial" */ = {
			isa = XCConfigurationList;
			buildConfigurations = (
				4A79725E28D7F66D009F4EC0 /* Debug */,
				4A79725F28D7F66D009F4EC0 /* Release */,
			);
			defaultConfigurationIsVisible = 0;
			defaultConfigurationName = Release;
		};
		4A79726028D7F66D009F4EC0 /* Build configuration list for PBXNativeTarget "git-tutorial" */ = {
			isa = XCConfigurationList;
			buildConfigurations = (
				4A79726128D7F66D009F4EC0 /* Debug */,
				4A79726228D7F66D009F4EC0 /* Release */,
			);
			defaultConfigurationIsVisible = 0;
			defaultConfigurationName = Release;
		};
		4A79726328D7F66D009F4EC0 /* Build configuration list for PBXNativeTarget "git-tutorialTests" */ = {
			isa = XCConfigurationList;
			buildConfigurations = (
				4A79726428D7F66D009F4EC0 /* Debug */,
				4A79726528D7F66D009F4EC0 /* Release */,
			);
			defaultConfigurationIsVisible = 0;
			defaultConfigurationName = Release;
		};
		4A79726628D7F66D009F4EC0 /* Build configuration list for PBXNativeTarget "git-tutorialUITests" */ = {
			isa = XCConfigurationList;
			buildConfigurations = (
				4A79726728D7F66D009F4EC0 /* Debug */,
				4A79726828D7F66D009F4EC0 /* Release */,
			);
			defaultConfigurationIsVisible = 0;
			defaultConfigurationName = Release;
		};
/* End XCConfigurationList section */
	};
	rootObject = 4A79722E28D7F66C009F4EC0 /* Project object */;
}
